
Microsoft Visual Studio Solution File, Format Version 12.00
# Visual Studio 15
VisualStudioVersion = 15.0.28010.2046
MinimumVisualStudioVersion = 10.0.40219.1
Project("{FAE04EC0-301F-11D3-BF4B-00C04F79EFBC}") = "StudentInfoSystem", "StudentInfoSystem\StudentInfoSystem.csproj", "{3493A94E-BE08-409A-9D35-F03C79769046}"
EndProject
Global
	GlobalSection(SolutionConfigurationPlatforms) = preSolution
		Debug|Any CPU = Debug|Any CPU
		Release|Any CPU = Release|Any CPU
	EndGlobalSection
	GlobalSection(ProjectConfigurationPlatforms) = postSolution
		{3493A94E-BE08-409A-9D35-F03C79769046}.Debug|Any CPU.ActiveCfg = Debug|Any CPU
		{3493A94E-BE08-409A-9D35-F03C79769046}.Debug|Any CPU.Build.0 = Debug|Any CPU
		{3493A94E-BE08-409A-9D35-F03C79769046}.Release|Any CPU.ActiveCfg = Release|Any CPU
		{3493A94E-BE08-409A-9D35-F03C79769046}.Release|Any CPU.Build.0 = Release|Any CPU
	EndGlobalSection
	GlobalSection(SolutionProperties) = preSolution
		HideSolutionNode = FALSE
	EndGlobalSection
	GlobalSection(ExtensibilityGlobals) = postSolution
		SolutionGuid = {FB75C9F0-42FE-4DD2-B4E0-24DA32F37622}
	EndGlobalSection
EndGlobal
